
Microsoft Visual Studio Solution File, Format Version 12.00
# Visual Studio 15
VisualStudioVersion = 15.0.26730.16
MinimumVisualStudioVersion = 10.0.40219.1
Project("{FAE04EC0-301F-11D3-BF4B-00C04F79EFBC}") = "ConsoleApp2", "ConsoleApp2\ConsoleApp2.csproj", "{6111974E-690E-45EC-A4E9-71B4175F3ABB}"
EndProject
Global
	GlobalSection(SolutionConfigurationPlatforms) = preSolution
		Debug|Any CPU = Debug|Any CPU
		Release|Any CPU = Release|Any CPU
	EndGlobalSection
	GlobalSection(ProjectConfigurationPlatforms) = postSolution
		{6111974E-690E-45EC-A4E9-71B4175F3ABB}.Debug|Any CPU.ActiveCfg = Debug|Any CPU
		{6111974E-690E-45EC-A4E9-71B4175F3ABB}.Debug|Any CPU.Build.0 = Debug|Any CPU
		{6111974E-690E-45EC-A4E9-71B4175F3ABB}.Release|Any CPU.ActiveCfg = Release|Any CPU
		{6111974E-690E-45EC-A4E9-71B4175F3ABB}.Release|Any CPU.Build.0 = Release|Any CPU
	EndGlobalSection
	GlobalSection(SolutionProperties) = preSolution
		HideSolutionNode = FALSE
	EndGlobalSection
	GlobalSection(ExtensibilityGlobals) = postSolution
		SolutionGuid = {C3D01C90-0878-4D88-88A2-1FD23E48CF0D}
	EndGlobalSection
EndGlobal
